{
    "_meta": {
        "hash": {
            "sha256": "24fcc8be95d0d462be2b736be640334e1edad5b28f194bea58f3c1ab6745eeea"
        },
        "pipfile-spec": 6,
        "requires": {
            "python_version": "3.7"
        },
        "sources": [
            {
                "name": "pypi",
                "url": "https://pypi.org/simple",
                "verify_ssl": true
            }
        ]
    },
    "default": {
        "args": {
            "hashes": [
                "sha256:a785b8d837625e9b61c39108532d95b85274acd679693b71ebb5156848fcf814"
            ],
            "version": "==0.1.0"
        },
        "blockade": {
            "hashes": [
                "sha256:8b30aa192c73655718750146ba5e34938d70b2890dea0f4ef0709943dfee7fdf"
            ],
            "index": "pypi",
            "version": "==0.4.0"
        },
        "certifi": {
            "hashes": [
                "sha256:36973885b9542e6bd01dea287b2b4b3b21236307c56324fcc3f1160f2d655ed5",
                "sha256:e232343de1ab72c2aa521b625c80f699e356830fd0e2c620b465b304b17b0516"
            ],
            "markers": "python_full_version >= '3.6.0'",
            "version": "==2022.9.14"
        },
        "charset-normalizer": {
            "hashes": [
                "sha256:5a3d016c7c547f69d6f81fb0db9449ce888b418b5b9952cc5e6e66843e9dd845",
                "sha256:83e9a75d1911279afd89352c68b45348559d1fc0506b054b346651b5e7fee29f"
            ],
            "markers": "python_full_version >= '3.6.0'",
            "version": "==2.1.1"
        },
        "clint": {
            "hashes": [
                "sha256:3a9e7ba7ceaa10276bcfe85110a04633813344406ec6181063cd79210b2804a8"
            ],
            "version": "==0.4.1"
        },
        "docker": {
            "hashes": [
                "sha256:0a9c6965752e9dbc6b35d9f7541e70ac7cb4ff23fdd73bb20491b42a7c996ac7",
                "sha256:4c0588b6b640983a01c86175c2a42cc0777bcef10c5ae82ad505d3207141b4c8"
            ],
            "version": "==2.1.0"
        },
        "docker-pycreds": {
            "hashes": [
                "sha256:6ce3270bcaf404cc4c3e27e4b6c70d3521deae82fb508767870fdbf772d584d4",
                "sha256:7266112468627868005106ec19cd0d722702d2b7d5912a28e19b826c3d37af49"
            ],
            "version": "==0.4.0"
        },
        "flask": {
            "hashes": [
                "sha256:4c83829ff83d408b5e1d4995472265411d2c414112298f2eb4b359d9e4563373"
            ],
            "version": "==0.10.1"
        },
        "gevent": {
            "hashes": [
                "sha256:034488dcc2de4a6b8b86667d42e7685e10ccd2ef5c382c35c5d39fa55a098609",
                "sha256:129dedb82a9b0d9a3e32656ee74c9f338ae379a6c9178792e4c23bee8418a648",
                "sha256:13e420557adfade46681fb210d39a6b1e98a392d0f739db81deb8653a04d2093",
                "sha256:2b5d67fc93819d6d003b493c2c98849d10af06fee321e2ba10c4bbf93b2c8fab",
                "sha256:327913740250934b826df6f9603feabfe224a1e40fd424c12e74aab1755ba179",
                "sha256:343c62d4042f2833f5f459a4f1c1e2fed628ca2d75ffb582829e7d46effbf036",
                "sha256:39fb642270e8c1a244d61f21a97c09e230e295c82facb562ce821ef891fa084a",
                "sha256:3ebe92c15e4afdf5eedd0eb7334b8ceb4f394a9ac41a8f4ee111e072d95a910f",
                "sha256:47fe7b2c05f20c1b64f0232c1b695182174127703f9a050497941c24bf482723",
                "sha256:51d2893311e899d9582981602452919aa39998d72e0dc721e9e5655f191bc819",
                "sha256:63cdad5907cf7638b1750150cb0ccdd9bb5ed55568e08a14ecb6446429d76b09",
                "sha256:6ee5b9851b2acde08df7ab9b9a2903f58b4b0e555405c444f4b1dd16f71caeea",
                "sha256:787627432d325bfeb5a09f199799ce8795dc16e48ffa7a9471d7f61c68951596",
                "sha256:7caaa026176d31207b09259fd013e3da9be0b35dd6ac9bb5526a0a449593ea97",
                "sha256:952dc2ec9d1ac3d20171b174c9b9cb6555b7d090d22b29a8aeeaa9cf34be2345",
                "sha256:a2df5b4b954c71a8d45d9dfa3f0458cd1ae8ad4f1f93119e0954e05aadabde91",
                "sha256:acd1c956a42e6a6968bb75f8f1e7385f20b06281ff0f5390c4f6a26b01613d70",
                "sha256:b2755a0cd89278d60b48fde995a6e641549ce65b68618000437da3d4284b3b14",
                "sha256:b8e3e01aa324b54d7b430a58453b3ac24810bfc88c441216a71619b6a1dc709e",
                "sha256:baa1964683a92841ba7c2255a578939c705240d541e45c2651cf10c9351bcd99",
                "sha256:cfcd12fd7b30308bdc9cf0b942a31093235def02d40561b509ff2ead27ca7475",
                "sha256:d43231806d36360bd13b2f8da6894216834cd5039cf3dc3d5030e5d83820b13a",
                "sha256:da26b17a3a2844b06fed9a911263fb15f2287700e1ab5ab047bd264d70cbd7b3",
                "sha256:f83fb1dc357b762b0d277561ce90cc6616158e4bdf100cb7948a3101fb8f31dd",
                "sha256:fdbe8324495a5676869a376496fab28506c07d3895e213e9f723359d25e63838"
            ],
            "version": "==1.1.1"
        },
        "greenlet": {
            "hashes": [
                "sha256:0118817c9341ef2b0f75f5af79ac377e4da6ff637e5ee4ac91802c0e379dadb4",
                "sha256:048d2bed76c2aa6de7af500ae0ea51dd2267aec0e0f2a436981159053d0bc7cc",
                "sha256:07c58e169bbe1e87b8bbf15a5c1b779a7616df9fd3e61cadc9d691740015b4f8",
                "sha256:095a980288fe05adf3d002fbb180c99bdcf0f930e220aa66fcd56e7914a38202",
                "sha256:0b181e9aa6cb2f5ec0cacc8cee6e5a3093416c841ba32c185c30c160487f0380",
                "sha256:1626185d938d7381631e48e6f7713e8d4b964be246073e1a1d15c2f061ac9f08",
                "sha256:184416e481295832350a4bf731ba619a92f5689bf5d0fa4341e98b98b1265bd7",
                "sha256:1dd51d2650e70c6c4af37f454737bf4a11e568945b27f74b471e8e2a9fd21268",
                "sha256:1ec2779774d8e42ed0440cf8bc55540175187e8e934f2be25199bf4ed948cd9e",
                "sha256:2cf45e339cabea16c07586306a31cfcc5a3b5e1626d365714d283732afed6809",
                "sha256:2fb0aa7f6996879551fd67461d5d3ab0c3c0245da98be90c89fcb7a18d437403",
                "sha256:44b4817c34c9272c65550b788913620f1fdc80362b209bc9d7dd2f40d8793080",
                "sha256:466ce0928e33421ee84ae04c4ac6f253a3a3e6b8d600a79bd43fd4403e0a7a76",
                "sha256:4f166b4aca8d7d489e82d74627a7069ab34211ef5ebb57c300ec4b9337b60fc0",
                "sha256:510c3b15587afce9800198b4b142202b323bf4b4b5f9d6c79cb9a35e5e3c30d2",
                "sha256:5b756e6730ea59b2745072e28ad27f4c837084688e6a6b3633c8b1e509e6ae0e",
                "sha256:5fbe1ab72b998ca77ceabbae63a9b2e2dc2d963f4299b9b278252ddba142d3f1",
                "sha256:6200a11f003ec26815f7e3d2ded01b43a3810be3528dd760d2f1fa777490c3cd",
                "sha256:65ad1a7a463a2a6f863661329a944a5802c7129f7ad33583dcc11069c17e622c",
                "sha256:694ffa7144fa5cc526c8f4512665003a39fa09ef00d19bbca5c8d3406db72fbe",
                "sha256:6f5d4b2280ceea76c55c893827961ed0a6eadd5a584a7c4e6e6dd7bc10dfdd96",
                "sha256:7532a46505470be30cbf1dbadb20379fb481244f1ca54207d7df3bf0bbab6a20",
                "sha256:76a53bfa10b367ee734b95988bd82a9a5f0038a25030f9f23bbbc005010ca600",
                "sha256:77e41db75f9958f2083e03e9dd39da12247b3430c92267df3af77c83d8ff9eed",
                "sha256:7a43bbfa9b6cfdfaeefbd91038dde65ea2c421dc387ed171613df340650874f2",
                "sha256:7b41d19c0cfe5c259fe6c539fd75051cd39a5d33d05482f885faf43f7f5e7d26",
                "sha256:7c5227963409551ae4a6938beb70d56bf1918c554a287d3da6853526212fbe0a",
                "sha256:870a48007872d12e95a996fca3c03a64290d3ea2e61076aa35d3b253cf34cd32",
                "sha256:88b04e12c9b041a1e0bcb886fec709c488192638a9a7a3677513ac6ba81d8e79",
                "sha256:8c287ae7ac921dfde88b1c125bd9590b7ec3c900c2d3db5197f1286e144e712b",
                "sha256:903fa5716b8fbb21019268b44f73f3748c41d1a30d71b4a49c84b642c2fed5fa",
                "sha256:9537e4baf0db67f382eb29255a03154fcd4984638303ff9baaa738b10371fa57",
                "sha256:9951dcbd37850da32b2cb6e391f621c1ee456191c6ae5528af4a34afe357c30e",
                "sha256:9b2f7d0408ddeb8ea1fd43d3db79a8cefaccadd2a812f021333b338ed6b10aba",
                "sha256:9c88e134d51d5e82315a7c32b914a58751b7353eb5268dbd02eabf020b4c4700",
                "sha256:9fae214f6c43cd47f7bef98c56919b9222481e833be2915f6857a1e9e8a15318",
                "sha256:a3a669f11289a8995d24fbfc0e63f8289dd03c9aaa0cc8f1eab31d18ca61a382",
                "sha256:aa741c1a8a8cc25eb3a3a01a62bdb5095a773d8c6a86470bde7f607a447e7905",
                "sha256:b0877a9a2129a2c56a2eae2da016743db7d9d6a05d5e1c198f1b7808c602a30e",
                "sha256:bcb6c6dd1d6be6d38d6db283747d07fda089ff8c559a835236560a4410340455",
                "sha256:caff52cb5cd7626872d9696aee5b794abe172804beb7db52eed1fd5824b63910",
                "sha256:cbc1eb55342cbac8f7ec159088d54e2cfdd5ddf61c87b8bbe682d113789331b2",
                "sha256:cd16a89efe3a003029c87ff19e9fba635864e064da646bc749fc1908a4af18f3",
                "sha256:ce5b64dfe8d0cca407d88b0ee619d80d4215a2612c1af8c98a92180e7109f4b5",
                "sha256:d58a5a71c4c37354f9e0c24c9c8321f0185f6945ef027460b809f4bb474bfe41",
                "sha256:db41f3845eb579b544c962864cce2c2a0257fe30f0f1e18e51b1e8cbb4e0ac6d",
                "sha256:db5b25265010a1b3dca6a174a443a0ed4c4ab12d5e2883a11c97d6e6d59b12f9",
                "sha256:dd0404d154084a371e6d2bafc787201612a1359c2dee688ae334f9118aa0bf47",
                "sha256:de431765bd5fe62119e0bc6bc6e7b17ac53017ae1782acf88fcf6b7eae475a49",
                "sha256:df02fdec0c533301497acb0bc0f27f479a3a63dcdc3a099ae33a902857f07477",
                "sha256:e8533f5111704d75de3139bf0b8136d3a6c1642c55c067866fa0a51c2155ee33",
                "sha256:f2f908239b7098799b8845e5936c2ccb91d8c2323be02e82f8dcb4a80dcf4a25",
                "sha256:f8bfd36f368efe0ab2a6aa3db7f14598aac454b06849fb633b762ddbede1db90",
                "sha256:ffe73f9e7aea404722058405ff24041e59d31ca23d1da0895af48050a07b6932"
            ],
            "markers": "python_version >= '2.7' and python_version not in '3.0, 3.1, 3.2, 3.3, 3.4'",
            "version": "==1.1.3"
        },
        "idna": {
            "hashes": [
                "sha256:814f528e8dead7d329833b91c5faa87d60bf71824cd12a7530b5526063d02cb4",
                "sha256:90b77e79eaa3eba6de819a0c442c0b4ceefc341a7a2ab77d7562bf49f425c5c2"
            ],
            "markers": "python_version >= '3.5'",
            "version": "==3.4"
        },
        "itsdangerous": {
            "hashes": [
                "sha256:2c2349112351b88699d8d4b6b075022c0808887cb7ad10069318a8b0bc88db44",
                "sha256:5dbbc68b317e5e42f327f9021763545dc3fc3bfe22e6deb96aaf1fc38874156a"
            ],
            "markers": "python_version >= '3.7'",
            "version": "==2.1.2"
        },
        "jinja2": {
            "hashes": [
                "sha256:31351a702a408a9e7595a8fc6150fc3f43bb6bf7e319770cbc0db9df9437e852",
                "sha256:6088930bfe239f0e6710546ab9c19c9ef35e29792895fed6e6e31a023a182a61"
            ],
            "markers": "python_version >= '3.7'",
            "version": "==3.1.2"
        },
        "markupsafe": {
            "hashes": [
                "sha256:0212a68688482dc52b2d45013df70d169f542b7394fc744c02a57374a4207003",
                "sha256:089cf3dbf0cd6c100f02945abeb18484bd1ee57a079aefd52cffd17fba910b88",
                "sha256:10c1bfff05d95783da83491be968e8fe789263689c02724e0c691933c52994f5",
                "sha256:33b74d289bd2f5e527beadcaa3f401e0df0a89927c1559c8566c066fa4248ab7",
                "sha256:3799351e2336dc91ea70b034983ee71cf2f9533cdff7c14c90ea126bfd95d65a",
                "sha256:3ce11ee3f23f79dbd06fb3d63e2f6af7b12db1d46932fe7bd8afa259a5996603",
                "sha256:421be9fbf0ffe9ffd7a378aafebbf6f4602d564d34be190fc19a193232fd12b1",
                "sha256:43093fb83d8343aac0b1baa75516da6092f58f41200907ef92448ecab8825135",
                "sha256:46d00d6cfecdde84d40e572d63735ef81423ad31184100411e6e3388d405e247",
                "sha256:4a33dea2b688b3190ee12bd7cfa29d39c9ed176bda40bfa11099a3ce5d3a7ac6",
                "sha256:4b9fe39a2ccc108a4accc2676e77da025ce383c108593d65cc909add5c3bd601",
                "sha256:56442863ed2b06d19c37f94d999035e15ee982988920e12a5b4ba29b62ad1f77",
                "sha256:671cd1187ed5e62818414afe79ed29da836dde67166a9fac6d435873c44fdd02",
                "sha256:694deca8d702d5db21ec83983ce0bb4b26a578e71fbdbd4fdcd387daa90e4d5e",
                "sha256:6a074d34ee7a5ce3effbc526b7083ec9731bb3cbf921bbe1d3005d4d2bdb3a63",
                "sha256:6d0072fea50feec76a4c418096652f2c3238eaa014b2f94aeb1d56a66b41403f",
                "sha256:6fbf47b5d3728c6aea2abb0589b5d30459e369baa772e0f37a0320185e87c980",
                "sha256:7f91197cc9e48f989d12e4e6fbc46495c446636dfc81b9ccf50bb0ec74b91d4b",
                "sha256:86b1f75c4e7c2ac2ccdaec2b9022845dbb81880ca318bb7a0a01fbf7813e3812",
                "sha256:8dc1c72a69aa7e082593c4a203dcf94ddb74bb5c8a731e4e1eb68d031e8498ff",
                "sha256:8e3dcf21f367459434c18e71b2a9532d96547aef8a871872a5bd69a715c15f96",
                "sha256:8e576a51ad59e4bfaac456023a78f6b5e6e7651dcd383bcc3e18d06f9b55d6d1",
                "sha256:96e37a3dc86e80bf81758c152fe66dbf60ed5eca3d26305edf01892257049925",
                "sha256:97a68e6ada378df82bc9f16b800ab77cbf4b2fada0081794318520138c088e4a",
                "sha256:99a2a507ed3ac881b975a2976d59f38c19386d128e7a9a18b7df6fff1fd4c1d6",
                "sha256:a49907dd8420c5685cfa064a1335b6754b74541bbb3706c259c02ed65b644b3e",
                "sha256:b09bf97215625a311f669476f44b8b318b075847b49316d3e28c08e41a7a573f",
                "sha256:b7bd98b796e2b6553da7225aeb61f447f80a1ca64f41d83612e6139ca5213aa4",
                "sha256:b87db4360013327109564f0e591bd2a3b318547bcef31b468a92ee504d07ae4f",
                "sha256:bcb3ed405ed3222f9904899563d6fc492ff75cce56cba05e32eff40e6acbeaa3",
                "sha256:d4306c36ca495956b6d568d276ac11fdd9c30a36f1b6eb928070dc5360b22e1c",
                "sha256:d5ee4f386140395a2c818d149221149c54849dfcfcb9f1debfe07a8b8bd63f9a",
                "sha256:dda30ba7e87fbbb7eab1ec9f58678558fd9a6b8b853530e176eabd064da81417",
                "sha256:e04e26803c9c3851c931eac40c695602c6295b8d432cbe78609649ad9bd2da8a",
                "sha256:e1c0b87e09fa55a220f058d1d49d3fb8df88fbfab58558f1198e08c1e1de842a",
                "sha256:e72591e9ecd94d7feb70c1cbd7be7b3ebea3f548870aa91e2732960fa4d57a37",
                "sha256:e8c843bbcda3a2f1e3c2ab25913c80a3c5376cd00c6e8c4a86a89a28c8dc5452",
                "sha256:efc1913fd2ca4f334418481c7e595c00aad186563bbc1ec76067848c7ca0a933",
                "sha256:f121a1420d4e173a5d96e47e9a0c0dcff965afdf1626d28de1460815f7c4ee7a",
                "sha256:fc7b548b17d238737688817ab67deebb30e8073c95749d55538ed473130ec0c7"
            ],
            "markers": "python_version >= '3.7'",
            "version": "==2.1.1"
        },
        "pyyaml": {
            "hashes": [
                "sha256:19bb3ac350ef878dda84a62d37c7d5c17a137386dde9c2ce7249c7a21d7f6ac9",
                "sha256:2abbe0b237b42e075e5a59f90766c0a18cc29aea3baa7a152cc16f62fa556daa",
                "sha256:2db3d4c54d3eb47ad7169806e684d5243d4a14749cb9741ef5d1ac3291d67a1a",
                "sha256:3e8c104861b5839a36e6b30c2f964d6fbf4a2e2b87ae9c289da699b21e35c91b",
                "sha256:7a02d22209e41ba55bd8a65fa69ee593af30a857f6e33fc9c80589e6b477c36b",
                "sha256:ad55a89cc264b74be59df9fdcea1dffd14f435d955eae2ac822a28563be2fe48",
                "sha256:b54b4782da60c7dfe5d850524416dd03f3b9a516ed476ce1d5a2712cde75d683",
                "sha256:c36c938a872e5ff494938b33b14aaa156cb439ec67548fcab3535bb78b0846e8",
                "sha256:c81b0cccf6b6bfc0432c1a96c07b64b76472118ec789bc4891447cc5298bd1c7",
                "sha256:ca129663271174f9783e1177195e4288945a504db89f5c3889da75e0abbd0a67",
                "sha256:d44be6e77802ea845911e000e29d781ba2900a0fe3b38fc0f5b74f5f77d2e4f0",
                "sha256:d9b72815d3cdc5e1c3f1f44498a5e884fe4dcdb3f6428fa086e35af8160d2809",
                "sha256:e25c2074189eb72056778c88344f47e5e7378afd52da62014bb3e86efce947c1",
                "sha256:e3bc2528c3a0f396908b5f8784795f3f7b62e8b2573c2db736addccfb22449e4"
            ],
            "version": "==3.11"
        },
        "requests": {
            "hashes": [
                "sha256:7c5599b102feddaa661c826c56ab4fee28bfd17f5abca1ebbe3e7f19d7c97983",
                "sha256:8fefa2a1a1365bf5520aac41836fbee479da67864514bdb821f31ce07ce65349"
            ],
            "markers": "python_version >= '3.7' and python_version < '4'",
            "version": "==2.28.1"
        },
        "six": {
            "hashes": [
                "sha256:418a93c397a7edab23e5588dbc067ac74a723edb3d541bd4936f79476e7645da",
                "sha256:e24052411fc4fbd1f672635537c3fc2330d9481b18c0317695b46259512c91d5"
            ],
            "version": "==1.9.0"
        },
        "urllib3": {
            "hashes": [
                "sha256:753a0374df26658f99d826cfe40394a686d05985786d946fbe4165b5148f5a7c",
                "sha256:a7acd0977125325f516bda9735fa7142b909a8d01e8b2e4c8108d0984e6e0098"
            ],
            "index": "pypi",
            "version": "==1.26.5"
        },
        "websocket-client": {
            "hashes": [
                "sha256:398909eb7e261f44b8f4bd474785b6ec5f5b499d4953342fe9755e01ef624090",
                "sha256:f9611eb65c8241a67fb373bef040b3cf8ad377a9f6546a12b620b6511e8ea9ef"
            ],
            "markers": "python_version >= '3.7'",
            "version": "==1.4.1"
        },
        "werkzeug": {
            "hashes": [
                "sha256:7ea2d48322cc7c0f8b3a215ed73eabd7b5d75d0b50e31ab006286ccff9e00b8f",
                "sha256:f979ab81f58d7318e064e99c4506445d60135ac5cd2e177a2de0089bfd4c9bd5"
            ],
            "markers": "python_version >= '3.7'",
            "version": "==2.2.2"
        }
    },
    "develop": {}
}
